// !$*UTF8*$!
{
	archiveVersion = 1;
	classes = {
	};
	objectVersion = 46;
	objects = {

/* Begin PBXBuildFile section */
		2CE120781C9A58CB001F5530 /* main.m in Sources */ = {isa = PBXBuildFile; fileRef = 2CE120771C9A58CB001F5530 /* main.m */; };
		2CE1207B1C9A58CB001F5530 /* AppDelegate.m in Sources */ = {isa = PBXBuildFile; fileRef = 2CE1207A1C9A58CB001F5530 /* AppDelegate.m */; };
		2CE1207E1C9A58CB001F5530 /* ViewController.m in Sources */ = {isa = PBXBuildFile; fileRef = 2CE1207D1C9A58CB001F5530 /* ViewController.m */; };
		2CE120811C9A58CB001F5530 /* Main.storyboard in Resources */ = {isa = PBXBuildFile; fileRef = 2CE1207F1C9A58CB001F5530 /* Main.storyboard */; };
		2CE120831C9A58CB001F5530 /* Assets.xcassets in Resources */ = {isa = PBXBuildFile; fileRef = 2CE120821C9A58CB001F5530 /* Assets.xcassets */; };
		2CE120861C9A58CB001F5530 /* LaunchScreen.storyboard in Resources */ = {isa = PBXBuildFile; fileRef = 2CE120841C9A58CB001F5530 /* LaunchScreen.storyboard */; };
		2CE120911C9A58CB001F5530 /* testAppJumpTests.m in Sources */ = {isa = PBXBuildFile; fileRef = 2CE120901C9A58CB001F5530 /* testAppJumpTests.m */; };
		2CE1209C1C9A58CB001F5530 /* testAppJumpUITests.m in Sources */ = {isa = PBXBuildFile; fileRef = 2CE1209B1C9A58CB001F5530 /* testAppJumpUITests.m */; };
		2CE120CF1C9A623F001F5530 /* WFRequestServlet.m in Sources */ = {isa = PBXBuildFile; fileRef = 2CE120CE1C9A623F001F5530 /* WFRequestServlet.m */; };
		2CE120D91C9A7E32001F5530 /* WFServletActionContext.m in Sources */ = {isa = PBXBuildFile; fileRef = 2CE120D81C9A7E32001F5530 /* WFServletActionContext.m */; };
		2CE120DC1C9A800D001F5530 /* WFResponseServlet.m in Sources */ = {isa = PBXBuildFile; fileRef = 2CE120DB1C9A800D001F5530 /* WFResponseServlet.m */; };
		2CE121221C9AAD2F001F5530 /* WFAppJumpUtil.m in Sources */ = {isa = PBXBuildFile; fileRef = 2CE121211C9AAD2F001F5530 /* WFAppJumpUtil.m */; };
		2CE121251C9AB95E001F5530 /* WFAppJumpCONST.m in Sources */ = {isa = PBXBuildFile; fileRef = 2CE121241C9AB95E001F5530 /* WFAppJumpCONST.m */; };
		2CE1212B1C9BA3A6001F5530 /* WFActionCtrollerContext.m in Sources */ = {isa = PBXBuildFile; fileRef = 2CE1212A1C9BA3A6001F5530 /* WFActionCtrollerContext.m */; };
		2CE121321C9BA4C5001F5530 /* WFDefaultActionCtroller.m in Sources */ = {isa = PBXBuildFile; fileRef = 2CE121311C9BA4C5001F5530 /* WFDefaultActionCtroller.m */; };
		2CE121351C9BA692001F5530 /* WFRequestHelper.m in Sources */ = {isa = PBXBuildFile; fileRef = 2CE121341C9BA692001F5530 /* WFRequestHelper.m */; };
		2CE121381C9BB2C0001F5530 /* WFMyActionCtroller.m in Sources */ = {isa = PBXBuildFile; fileRef = 2CE121371C9BB2C0001F5530 /* WFMyActionCtroller.m */; };
		2CE1213B1C9BB392001F5530 /* WFUserActionCtroller.m in Sources */ = {isa = PBXBuildFile; fileRef = 2CE1213A1C9BB392001F5530 /* WFUserActionCtroller.m */; };
		2CE1213E1C9BE17B001F5530 /* WFSceneSessionActionCtroller.m in Sources */ = {isa = PBXBuildFile; fileRef = 2CE1213D1C9BE17B001F5530 /* WFSceneSessionActionCtroller.m */; };
/* End PBXBuildFile section */

/* Begin PBXContainerItemProxy section */
		2CE1208D1C9A58CB001F5530 /* PBXContainerItemProxy */ = {
			isa = PBXContainerItemProxy;
			containerPortal = 2CE1206B1C9A58CB001F5530 /* Project object */;
			proxyType = 1;
			remoteGlobalIDString = 2CE120721C9A58CB001F5530;
			remoteInfo = testAppJump;
		};
		2CE120981C9A58CB001F5530 /* PBXContainerItemProxy */ = {
			isa = PBXContainerItemProxy;
			containerPortal = 2CE1206B1C9A58CB001F5530 /* Project object */;
			proxyType = 1;
			remoteGlobalIDString = 2CE120721C9A58CB001F5530;
			remoteInfo = testAppJump;
		};
/* End PBXContainerItemProxy section */

/* Begin PBXFileReference section */
		2CE120731C9A58CB001F5530 /* testAppJump.app */ = {isa = PBXFileReference; explicitFileType = wrapper.application; includeInIndex = 0; path = testAppJump.app; sourceTree = BUILT_PRODUCTS_DIR; };
		2CE120771C9A58CB001F5530 /* main.m */ = {isa = PBXFileReference; lastKnownFileType = sourcecode.c.objc; path = main.m; sourceTree = "<group>"; };
		2CE120791C9A58CB001F5530 /* AppDelegate.h */ = {isa = PBXFileReference; lastKnownFileType = sourcecode.c.h; path = AppDelegate.h; sourceTree = "<group>"; };
		2CE1207A1C9A58CB001F5530 /* AppDelegate.m */ = {isa = PBXFileReference; lastKnownFileType = sourcecode.c.objc; path = AppDelegate.m; sourceTree = "<group>"; };
		2CE1207C1C9A58CB001F5530 /* ViewController.h */ = {isa = PBXFileReference; lastKnownFileType = sourcecode.c.h; path = ViewController.h; sourceTree = "<group>"; };
		2CE1207D1C9A58CB001F5530 /* ViewController.m */ = {isa = PBXFileReference; lastKnownFileType = sourcecode.c.objc; path = ViewController.m; sourceTree = "<group>"; };
		2CE120801C9A58CB001F5530 /* Base */ = {isa = PBXFileReference; lastKnownFileType = file.storyboard; name = Base; path = Base.lproj/Main.storyboard; sourceTree = "<group>"; };
		2CE120821C9A58CB001F5530 /* Assets.xcassets */ = {isa = PBXFileReference; lastKnownFileType = folder.assetcatalog; path = Assets.xcassets; sourceTree = "<group>"; };
		2CE120851C9A58CB001F5530 /* Base */ = {isa = PBXFileReference; lastKnownFileType = file.storyboard; name = Base; path = Base.lproj/LaunchScreen.storyboard; sourceTree = "<group>"; };
		2CE120871C9A58CB001F5530 /* Info.plist */ = {isa = PBXFileReference; lastKnownFileType = text.plist.xml; path = Info.plist; sourceTree = "<group>"; };
		2CE1208C1C9A58CB001F5530 /* testAppJumpTests.xctest */ = {isa = PBXFileReference; explicitFileType = wrapper.cfbundle; includeInIndex = 0; path = testAppJumpTests.xctest; sourceTree = BUILT_PRODUCTS_DIR; };
		2CE120901C9A58CB001F5530 /* testAppJumpTests.m */ = {isa = PBXFileReference; lastKnownFileType = sourcecode.c.objc; path = testAppJumpTests.m; sourceTree = "<group>"; };
		2CE120921C9A58CB001F5530 /* Info.plist */ = {isa = PBXFileReference; lastKnownFileType = text.plist.xml; path = Info.plist; sourceTree = "<group>"; };
		2CE120971C9A58CB001F5530 /* testAppJumpUITests.xctest */ = {isa = PBXFileReference; explicitFileType = wrapper.cfbundle; includeInIndex = 0; path = testAppJumpUITests.xctest; sourceTree = BUILT_PRODUCTS_DIR; };
		2CE1209B1C9A58CB001F5530 /* testAppJumpUITests.m */ = {isa = PBXFileReference; lastKnownFileType = sourcecode.c.objc; path = testAppJumpUITests.m; sourceTree = "<group>"; };
		2CE1209D1C9A58CB001F5530 /* Info.plist */ = {isa = PBXFileReference; lastKnownFileType = text.plist.xml; path = Info.plist; sourceTree = "<group>"; };
		2CE120CC1C9A6166001F5530 /* WFActionProtocol.h */ = {isa = PBXFileReference; fileEncoding = 4; lastKnownFileType = sourcecode.c.h; path = WFActionProtocol.h; sourceTree = "<group>"; };
		2CE120CD1C9A623F001F5530 /* WFRequestServlet.h */ = {isa = PBXFileReference; fileEncoding = 4; lastKnownFileType = sourcecode.c.h; path = WFRequestServlet.h; sourceTree = "<group>"; };
		2CE120CE1C9A623F001F5530 /* WFRequestServlet.m */ = {isa = PBXFileReference; fileEncoding = 4; lastKnownFileType = sourcecode.c.objc; path = WFRequestServlet.m; sourceTree = "<group>"; };
		2CE120D71C9A7E32001F5530 /* WFServletActionContext.h */ = {isa = PBXFileReference; fileEncoding = 4; lastKnownFileType = sourcecode.c.h; path = WFServletActionContext.h; sourceTree = "<group>"; };
		2CE120D81C9A7E32001F5530 /* WFServletActionContext.m */ = {isa = PBXFileReference; fileEncoding = 4; lastKnownFileType = sourcecode.c.objc; path = WFServletActionContext.m; sourceTree = "<group>"; };
		2CE120DA1C9A800D001F5530 /* WFResponseServlet.h */ = {isa = PBXFileReference; fileEncoding = 4; lastKnownFileType = sourcecode.c.h; path = WFResponseServlet.h; sourceTree = "<group>"; };
		2CE120DB1C9A800D001F5530 /* WFResponseServlet.m */ = {isa = PBXFileReference; fileEncoding = 4; lastKnownFileType = sourcecode.c.objc; path = WFResponseServlet.m; sourceTree = "<group>"; };
		2CE121201C9AAD2F001F5530 /* WFAppJumpUtil.h */ = {isa = PBXFileReference; fileEncoding = 4; lastKnownFileType = sourcecode.c.h; path = WFAppJumpUtil.h; sourceTree = "<group>"; };
		2CE121211C9AAD2F001F5530 /* WFAppJumpUtil.m */ = {isa = PBXFileReference; fileEncoding = 4; lastKnownFileType = sourcecode.c.objc; path = WFAppJumpUtil.m; sourceTree = "<group>"; };
		2CE121231C9AB95E001F5530 /* WFAppJumpCONST.h */ = {isa = PBXFileReference; fileEncoding = 4; lastKnownFileType = sourcecode.c.h; path = WFAppJumpCONST.h; sourceTree = "<group>"; };
		2CE121241C9AB95E001F5530 /* WFAppJumpCONST.m */ = {isa = PBXFileReference; fileEncoding = 4; lastKnownFileType = sourcecode.c.objc; path = WFAppJumpCONST.m; sourceTree = "<group>"; };
		2CE121291C9BA3A6001F5530 /* WFActionCtrollerContext.h */ = {isa = PBXFileReference; fileEncoding = 4; lastKnownFileType = sourcecode.c.h; path = WFActionCtrollerContext.h; sourceTree = "<group>"; };
		2CE1212A1C9BA3A6001F5530 /* WFActionCtrollerContext.m */ = {isa = PBXFileReference; fileEncoding = 4; lastKnownFileType = sourcecode.c.objc; path = WFActionCtrollerContext.m; sourceTree = "<group>"; };
		2CE121301C9BA4C5001F5530 /* WFDefaultActionCtroller.h */ = {isa = PBXFileReference; fileEncoding = 4; lastKnownFileType = sourcecode.c.h; path = WFDefaultActionCtroller.h; sourceTree = "<group>"; };
		2CE121311C9BA4C5001F5530 /* WFDefaultActionCtroller.m */ = {isa = PBXFileReference; fileEncoding = 4; lastKnownFileType = sourcecode.c.objc; path = WFDefaultActionCtroller.m; sourceTree = "<group>"; };
		2CE121331C9BA692001F5530 /* WFRequestHelper.h */ = {isa = PBXFileReference; fileEncoding = 4; lastKnownFileType = sourcecode.c.h; path = WFRequestHelper.h; sourceTree = "<group>"; };
		2CE121341C9BA692001F5530 /* WFRequestHelper.m */ = {isa = PBXFileReference; fileEncoding = 4; lastKnownFileType = sourcecode.c.objc; path = WFRequestHelper.m; sourceTree = "<group>"; };
		2CE121361C9BB2C0001F5530 /* WFMyActionCtroller.h */ = {isa = PBXFileReference; fileEncoding = 4; lastKnownFileType = sourcecode.c.h; path = WFMyActionCtroller.h; sourceTree = "<group>"; };
		2CE121371C9BB2C0001F5530 /* WFMyActionCtroller.m */ = {isa = PBXFileReference; fileEncoding = 4; lastKnownFileType = sourcecode.c.objc; path = WFMyActionCtroller.m; sourceTree = "<group>"; };
		2CE121391C9BB392001F5530 /* WFUserActionCtroller.h */ = {isa = PBXFileReference; fileEncoding = 4; lastKnownFileType = sourcecode.c.h; path = WFUserActionCtroller.h; sourceTree = "<group>"; };
		2CE1213A1C9BB392001F5530 /* WFUserActionCtroller.m */ = {isa = PBXFileReference; fileEncoding = 4; lastKnownFileType = sourcecode.c.objc; path = WFUserActionCtroller.m; sourceTree = "<group>"; };
		2CE1213C1C9BE17B001F5530 /* WFSceneSessionActionCtroller.h */ = {isa = PBXFileReference; fileEncoding = 4; lastKnownFileType = sourcecode.c.h; path = WFSceneSessionActionCtroller.h; sourceTree = "<group>"; };
		2CE1213D1C9BE17B001F5530 /* WFSceneSessionActionCtroller.m */ = {isa = PBXFileReference; fileEncoding = 4; lastKnownFileType = sourcecode.c.objc; path = WFSceneSessionActionCtroller.m; sourceTree = "<group>"; };
/* End PBXFileReference section */

/* Begin PBXFrameworksBuildPhase section */
		2CE120701C9A58CB001F5530 /* Frameworks */ = {
			isa = PBXFrameworksBuildPhase;
			buildActionMask = 2147483647;
			files = (
			);
			runOnlyForDeploymentPostprocessing = 0;
		};
		2CE120891C9A58CB001F5530 /* Frameworks */ = {
			isa = PBXFrameworksBuildPhase;
			buildActionMask = 2147483647;
			files = (
			);
			runOnlyForDeploymentPostprocessing = 0;
		};
		2CE120941C9A58CB001F5530 /* Frameworks */ = {
			isa = PBXFrameworksBuildPhase;
			buildActionMask = 2147483647;
			files = (
			);
			runOnlyForDeploymentPostprocessing = 0;
		};
/* End PBXFrameworksBuildPhase section */

/* Begin PBXGroup section */
		2CE1206A1C9A58CB001F5530 = {
			isa = PBXGroup;
			children = (
				2CE120751C9A58CB001F5530 /* testAppJump */,
				2CE1208F1C9A58CB001F5530 /* testAppJumpTests */,
				2CE1209A1C9A58CB001F5530 /* testAppJumpUITests */,
				2CE120741C9A58CB001F5530 /* Products */,
			);
			sourceTree = "<group>";
		};
		2CE120741C9A58CB001F5530 /* Products */ = {
			isa = PBXGroup;
			children = (
				2CE120731C9A58CB001F5530 /* testAppJump.app */,
				2CE1208C1C9A58CB001F5530 /* testAppJumpTests.xctest */,
				2CE120971C9A58CB001F5530 /* testAppJumpUITests.xctest */,
			);
			name = Products;
			sourceTree = "<group>";
		};
		2CE120751C9A58CB001F5530 /* testAppJump */ = {
			isa = PBXGroup;
			children = (
				2CE120791C9A58CB001F5530 /* AppDelegate.h */,
				2CE1207A1C9A58CB001F5530 /* AppDelegate.m */,
				2CE1207C1C9A58CB001F5530 /* ViewController.h */,
				2CE1207D1C9A58CB001F5530 /* ViewController.m */,
				2CE1211C1C9AA85F001F5530 /* Action */,
				2CE120BC1C9A5B59001F5530 /* WFAppJump */,
				2CE1207F1C9A58CB001F5530 /* Main.storyboard */,
				2CE120821C9A58CB001F5530 /* Assets.xcassets */,
				2CE120841C9A58CB001F5530 /* LaunchScreen.storyboard */,
				2CE120871C9A58CB001F5530 /* Info.plist */,
				2CE120761C9A58CB001F5530 /* Supporting Files */,
			);
			path = testAppJump;
			sourceTree = "<group>";
		};
		2CE120761C9A58CB001F5530 /* Supporting Files */ = {
			isa = PBXGroup;
			children = (
				2CE120771C9A58CB001F5530 /* main.m */,
			);
			name = "Supporting Files";
			sourceTree = "<group>";
		};
		2CE1208F1C9A58CB001F5530 /* testAppJumpTests */ = {
			isa = PBXGroup;
			children = (
				2CE120901C9A58CB001F5530 /* testAppJumpTests.m */,
				2CE120921C9A58CB001F5530 /* Info.plist */,
			);
			path = testAppJumpTests;
			sourceTree = "<group>";
		};
		2CE1209A1C9A58CB001F5530 /* testAppJumpUITests */ = {
			isa = PBXGroup;
			children = (
				2CE1209B1C9A58CB001F5530 /* testAppJumpUITests.m */,
				2CE1209D1C9A58CB001F5530 /* Info.plist */,
			);
			path = testAppJumpUITests;
			sourceTree = "<group>";
		};
		2CE120BC1C9A5B59001F5530 /* WFAppJump */ = {
			isa = PBXGroup;
			children = (
				2CE1212C1C9BA4AA001F5530 /* actionctroller */,
				2CE120C81C9A5CFB001F5530 /* Protocol */,
				2CE120C01C9A5B59001F5530 /* bean */,
				2CE120C11C9A5B59001F5530 /* Helper */,
				2CE120C21C9A5B59001F5530 /* service */,
				2CE120C51C9A5B59001F5530 /* Util */,
			);
			path = WFAppJump;
			sourceTree = "<group>";
		};
		2CE120C01C9A5B59001F5530 /* bean */ = {
			isa = PBXGroup;
			children = (
			);
			path = bean;
			sourceTree = "<group>";
		};
		2CE120C11C9A5B59001F5530 /* Helper */ = {
			isa = PBXGroup;
			children = (
				2CE121231C9AB95E001F5530 /* WFAppJumpCONST.h */,
				2CE121241C9AB95E001F5530 /* WFAppJumpCONST.m */,
				2CE121331C9BA692001F5530 /* WFRequestHelper.h */,
				2CE121341C9BA692001F5530 /* WFRequestHelper.m */,
			);
			path = Helper;
			sourceTree = "<group>";
		};
		2CE120C21C9A5B59001F5530 /* service */ = {
			isa = PBXGroup;
			children = (
				2CE121291C9BA3A6001F5530 /* WFActionCtrollerContext.h */,
				2CE1212A1C9BA3A6001F5530 /* WFActionCtrollerContext.m */,
				2CE120D71C9A7E32001F5530 /* WFServletActionContext.h */,
				2CE120D81C9A7E32001F5530 /* WFServletActionContext.m */,
				2CE120CD1C9A623F001F5530 /* WFRequestServlet.h */,
				2CE120CE1C9A623F001F5530 /* WFRequestServlet.m */,
				2CE120DA1C9A800D001F5530 /* WFResponseServlet.h */,
				2CE120DB1C9A800D001F5530 /* WFResponseServlet.m */,
			);
			path = service;
			sourceTree = "<group>";
		};
		2CE120C51C9A5B59001F5530 /* Util */ = {
			isa = PBXGroup;
			children = (
				2CE121201C9AAD2F001F5530 /* WFAppJumpUtil.h */,
				2CE121211C9AAD2F001F5530 /* WFAppJumpUtil.m */,
			);
			path = Util;
			sourceTree = "<group>";
		};
		2CE120C81C9A5CFB001F5530 /* Protocol */ = {
			isa = PBXGroup;
			children = (
				2CE120CC1C9A6166001F5530 /* WFActionProtocol.h */,
			);
			path = Protocol;
			sourceTree = "<group>";
		};
		2CE1211C1C9AA85F001F5530 /* Action */ = {
			isa = PBXGroup;
			children = (
				2CE121361C9BB2C0001F5530 /* WFMyActionCtroller.h */,
				2CE121371C9BB2C0001F5530 /* WFMyActionCtroller.m */,
				2CE121391C9BB392001F5530 /* WFUserActionCtroller.h */,
				2CE1213A1C9BB392001F5530 /* WFUserActionCtroller.m */,
				2CE1213C1C9BE17B001F5530 /* WFSceneSessionActionCtroller.h */,
				2CE1213D1C9BE17B001F5530 /* WFSceneSessionActionCtroller.m */,
			);
			name = Action;
			sourceTree = "<group>";
		};
		2CE1212C1C9BA4AA001F5530 /* actionctroller */ = {
			isa = PBXGroup;
			children = (
				2CE121301C9BA4C5001F5530 /* WFDefaultActionCtroller.h */,
				2CE121311C9BA4C5001F5530 /* WFDefaultActionCtroller.m */,
			);
			path = actionctroller;
			sourceTree = "<group>";
		};
/* End PBXGroup section */

/* Begin PBXNativeTarget section */
		2CE120721C9A58CB001F5530 /* testAppJump */ = {
			isa = PBXNativeTarget;
			buildConfigurationList = 2CE120A01C9A58CB001F5530 /* Build configuration list for PBXNativeTarget "testAppJump" */;
			buildPhases = (
				2CE1206F1C9A58CB001F5530 /* Sources */,
				2CE120701C9A58CB001F5530 /* Frameworks */,
				2CE120711C9A58CB001F5530 /* Resources */,
			);
			buildRules = (
			);
			dependencies = (
			);
			name = testAppJump;
			productName = testAppJump;
			productReference = 2CE120731C9A58CB001F5530 /* testAppJump.app */;
			productType = "com.apple.product-type.application";
		};
		2CE1208B1C9A58CB001F5530 /* testAppJumpTests */ = {
			isa = PBXNativeTarget;
			buildConfigurationList = 2CE120A31C9A58CB001F5530 /* Build configuration list for PBXNativeTarget "testAppJumpTests" */;
			buildPhases = (
				2CE120881C9A58CB001F5530 /* Sources */,
				2CE120891C9A58CB001F5530 /* Frameworks */,
				2CE1208A1C9A58CB001F5530 /* Resources */,
			);
			buildRules = (
			);
			dependencies = (
				2CE1208E1C9A58CB001F5530 /* PBXTargetDependency */,
			);
			name = testAppJumpTests;
			productName = testAppJumpTests;
			productReference = 2CE1208C1C9A58CB001F5530 /* testAppJumpTests.xctest */;
			productType = "com.apple.product-type.bundle.unit-test";
		};
		2CE120961C9A58CB001F5530 /* testAppJumpUITests */ = {
			isa = PBXNativeTarget;
			buildConfigurationList = 2CE120A61C9A58CB001F5530 /* Build configuration list for PBXNativeTarget "testAppJumpUITests" */;
			buildPhases = (
				2CE120931C9A58CB001F5530 /* Sources */,
				2CE120941C9A58CB001F5530 /* Frameworks */,
				2CE120951C9A58CB001F5530 /* Resources */,
			);
			buildRules = (
			);
			dependencies = (
				2CE120991C9A58CB001F5530 /* PBXTargetDependency */,
			);
			name = testAppJumpUITests;
			productName = testAppJumpUITests;
			productReference = 2CE120971C9A58CB001F5530 /* testAppJumpUITests.xctest */;
			productType = "com.apple.product-type.bundle.ui-testing";
		};
/* End PBXNativeTarget section */

/* Begin PBXProject section */
		2CE1206B1C9A58CB001F5530 /* Project object */ = {
			isa = PBXProject;
			attributes = {
				LastUpgradeCheck = 0720;
				ORGANIZATIONNAME = ibmlib;
				TargetAttributes = {
					2CE120721C9A58CB001F5530 = {
						CreatedOnToolsVersion = 7.2;
					};
					2CE1208B1C9A58CB001F5530 = {
						CreatedOnToolsVersion = 7.2;
						TestTargetID = 2CE120721C9A58CB001F5530;
					};
					2CE120961C9A58CB001F5530 = {
						CreatedOnToolsVersion = 7.2;
						TestTargetID = 2CE120721C9A58CB001F5530;
					};
				};
			};
			buildConfigurationList = 2CE1206E1C9A58CB001F5530 /* Build configuration list for PBXProject "testAppJump" */;
			compatibilityVersion = "Xcode 3.2";
			developmentRegion = English;
			hasScannedForEncodings = 0;
			knownRegions = (
				en,
				Base,
			);
			mainGroup = 2CE1206A1C9A58CB001F5530;
			productRefGroup = 2CE120741C9A58CB001F5530 /* Products */;
			projectDirPath = "";
			projectRoot = "";
			targets = (
				2CE120721C9A58CB001F5530 /* testAppJump */,
				2CE1208B1C9A58CB001F5530 /* testAppJumpTests */,
				2CE120961C9A58CB001F5530 /* testAppJumpUITests */,
			);
		};
/* End PBXProject section */

/* Begin PBXResourcesBuildPhase section */
		2CE120711C9A58CB001F5530 /* Resources */ = {
			isa = PBXResourcesBuildPhase;
			buildActionMask = 2147483647;
			files = (
				2CE120861C9A58CB001F5530 /* LaunchScreen.storyboard in Resources */,
				2CE120831C9A58CB001F5530 /* Assets.xcassets in Resources */,
				2CE120811C9A58CB001F5530 /* Main.storyboard in Resources */,
			);
			runOnlyForDeploymentPostprocessing = 0;
		};
		2CE1208A1C9A58CB001F5530 /* Resources */ = {
			isa = PBXResourcesBuildPhase;
			buildActionMask = 2147483647;
			files = (
			);
			runOnlyForDeploymentPostprocessing = 0;
		};
		2CE120951C9A58CB001F5530 /* Resources */ = {
			isa = PBXResourcesBuildPhase;
			buildActionMask = 2147483647;
			files = (
			);
			runOnlyForDeploymentPostprocessing = 0;
		};
/* End PBXResourcesBuildPhase section */

/* Begin PBXSourcesBuildPhase section */
		2CE1206F1C9A58CB001F5530 /* Sources */ = {
			isa = PBXSourcesBuildPhase;
			buildActionMask = 2147483647;
			files = (
				2CE120DC1C9A800D001F5530 /* WFResponseServlet.m in Sources */,
				2CE120CF1C9A623F001F5530 /* WFRequestServlet.m in Sources */,
				2CE1213B1C9BB392001F5530 /* WFUserActionCtroller.m in Sources */,
				2CE121351C9BA692001F5530 /* WFRequestHelper.m in Sources */,
				2CE121251C9AB95E001F5530 /* WFAppJumpCONST.m in Sources */,
				2CE121381C9BB2C0001F5530 /* WFMyActionCtroller.m in Sources */,
				2CE121321C9BA4C5001F5530 /* WFDefaultActionCtroller.m in Sources */,
				2CE120D91C9A7E32001F5530 /* WFServletActionContext.m in Sources */,
				2CE1207E1C9A58CB001F5530 /* ViewController.m in Sources */,
				2CE1213E1C9BE17B001F5530 /* WFSceneSessionActionCtroller.m in Sources */,
				2CE1207B1C9A58CB001F5530 /* AppDelegate.m in Sources */,
				2CE121221C9AAD2F001F5530 /* WFAppJumpUtil.m in Sources */,
				2CE1212B1C9BA3A6001F5530 /* WFActionCtrollerContext.m in Sources */,
				2CE120781C9A58CB001F5530 /* main.m in Sources */,
			);
			runOnlyForDeploymentPostprocessing = 0;
		};
		2CE120881C9A58CB001F5530 /* Sources */ = {
			isa = PBXSourcesBuildPhase;
			buildActionMask = 2147483647;
			files = (
				2CE120911C9A58CB001F5530 /* testAppJumpTests.m in Sources */,
			);
			runOnlyForDeploymentPostprocessing = 0;
		};
		2CE120931C9A58CB001F5530 /* Sources */ = {
			isa = PBXSourcesBuildPhase;
			buildActionMask = 2147483647;
			files = (
				2CE1209C1C9A58CB001F5530 /* testAppJumpUITests.m in Sources */,
			);
			runOnlyForDeploymentPostprocessing = 0;
		};
/* End PBXSourcesBuildPhase section */

/* Begin PBXTargetDependency section */
		2CE1208E1C9A58CB001F5530 /* PBXTargetDependency */ = {
			isa = PBXTargetDependency;
			target = 2CE120721C9A58CB001F5530 /* testAppJump */;
			targetProxy = 2CE1208D1C9A58CB001F5530 /* PBXContainerItemProxy */;
		};
		2CE120991C9A58CB001F5530 /* PBXTargetDependency */ = {
			isa = PBXTargetDependency;
			target = 2CE120721C9A58CB001F5530 /* testAppJump */;
			targetProxy = 2CE120981C9A58CB001F5530 /* PBXContainerItemProxy */;
		};
/* End PBXTargetDependency section */

/* Begin PBXVariantGroup section */
		2CE1207F1C9A58CB001F5530 /* Main.storyboard */ = {
			isa = PBXVariantGroup;
			children = (
				2CE120801C9A58CB001F5530 /* Base */,
			);
			name = Main.storyboard;
			sourceTree = "<group>";
		};
		2CE120841C9A58CB001F5530 /* LaunchScreen.storyboard */ = {
			isa = PBXVariantGroup;
			children = (
				2CE120851C9A58CB001F5530 /* Base */,
			);
			name = LaunchScreen.storyboard;
			sourceTree = "<group>";
		};
/* End PBXVariantGroup section */

/* Begin XCBuildConfiguration section */
		2CE1209E1C9A58CB001F5530 /* Debug */ = {
			isa = XCBuildConfiguration;
			buildSettings = {
				ALWAYS_SEARCH_USER_PATHS = NO;
				CLANG_CXX_LANGUAGE_STANDARD = "gnu++0x";
				CLANG_CXX_LIBRARY = "libc++";
				CLANG_ENABLE_MODULES = YES;
				CLANG_ENABLE_OBJC_ARC = YES;
				CLANG_WARN_BOOL_CONVERSION = YES;
				CLANG_WARN_CONSTANT_CONVERSION = YES;
				CLANG_WARN_DIRECT_OBJC_ISA_USAGE = YES_ERROR;
				CLANG_WARN_EMPTY_BODY = YES;
				CLANG_WARN_ENUM_CONVERSION = YES;
				CLANG_WARN_INT_CONVERSION = YES;
				CLANG_WARN_OBJC_ROOT_CLASS = YES_ERROR;
				CLANG_WARN_UNREACHABLE_CODE = YES;
				CLANG_WARN__DUPLICATE_METHOD_MATCH = YES;
				"CODE_SIGN_IDENTITY[sdk=iphoneos*]" = "iPhone Developer";
				COPY_PHASE_STRIP = NO;
				DEBUG_INFORMATION_FORMAT = dwarf;
				ENABLE_STRICT_OBJC_MSGSEND = YES;
				ENABLE_TESTABILITY = YES;
				GCC_C_LANGUAGE_STANDARD = gnu99;
				GCC_DYNAMIC_NO_PIC = NO;
				GCC_NO_COMMON_BLOCKS = YES;
				GCC_OPTIMIZATION_LEVEL = 0;
				GCC_PREPROCESSOR_DEFINITIONS = (
					"DEBUG=1",
					"$(inherited)",
				);
				GCC_WARN_64_TO_32_BIT_CONVERSION = YES;
				GCC_WARN_ABOUT_RETURN_TYPE = YES_ERROR;
				GCC_WARN_UNDECLARED_SELECTOR = YES;
				GCC_WARN_UNINITIALIZED_AUTOS = YES_AGGRESSIVE;
				GCC_WARN_UNUSED_FUNCTION = YES;
				GCC_WARN_UNUSED_VARIABLE = YES;
				IPHONEOS_DEPLOYMENT_TARGET = 9.2;
				MTL_ENABLE_DEBUG_INFO = YES;
				ONLY_ACTIVE_ARCH = YES;
				SDKROOT = iphoneos;
				TARGETED_DEVICE_FAMILY = "1,2";
			};
			name = Debug;
		};
		2CE1209F1C9A58CB001F5530 /* Release */ = {
			isa = XCBuildConfiguration;
			buildSettings = {
				ALWAYS_SEARCH_USER_PATHS = NO;
				CLANG_CXX_LANGUAGE_STANDARD = "gnu++0x";
				CLANG_CXX_LIBRARY = "libc++";
				CLANG_ENABLE_MODULES = YES;
				CLANG_ENABLE_OBJC_ARC = YES;
				CLANG_WARN_BOOL_CONVERSION = YES;
				CLANG_WARN_CONSTANT_CONVERSION = YES;
				CLANG_WARN_DIRECT_OBJC_ISA_USAGE = YES_ERROR;
				CLANG_WARN_EMPTY_BODY = YES;
				CLANG_WARN_ENUM_CONVERSION = YES;
				CLANG_WARN_INT_CONVERSION = YES;
				CLANG_WARN_OBJC_ROOT_CLASS = YES_ERROR;
				CLANG_WARN_UNREACHABLE_CODE = YES;
				CLANG_WARN__DUPLICATE_METHOD_MATCH = YES;
				"CODE_SIGN_IDENTITY[sdk=iphoneos*]" = "iPhone Developer";
				COPY_PHASE_STRIP = NO;
				DEBUG_INFORMATION_FORMAT = "dwarf-with-dsym";
				ENABLE_NS_ASSERTIONS = NO;
				ENABLE_STRICT_OBJC_MSGSEND = YES;
				GCC_C_LANGUAGE_STANDARD = gnu99;
				GCC_NO_COMMON_BLOCKS = YES;
				GCC_WARN_64_TO_32_BIT_CONVERSION = YES;
				GCC_WARN_ABOUT_RETURN_TYPE = YES_ERROR;
				GCC_WARN_UNDECLARED_SELECTOR = YES;
				GCC_WARN_UNINITIALIZED_AUTOS = YES_AGGRESSIVE;
				GCC_WARN_UNUSED_FUNCTION = YES;
				GCC_WARN_UNUSED_VARIABLE = YES;
				IPHONEOS_DEPLOYMENT_TARGET = 9.2;
				MTL_ENABLE_DEBUG_INFO = NO;
				SDKROOT = iphoneos;
				TARGETED_DEVICE_FAMILY = "1,2";
				VALIDATE_PRODUCT = YES;
			};
			name = Release;
		};
		2CE120A11C9A58CB001F5530 /* Debug */ = {
			isa = XCBuildConfiguration;
			buildSettings = {
				ASSETCATALOG_COMPILER_APPICON_NAME = AppIcon;
				INFOPLIST_FILE = testAppJump/Info.plist;
				LD_RUNPATH_SEARCH_PATHS = "$(inherited) @executable_path/Frameworks";
				PRODUCT_BUNDLE_IDENTIFIER = com.ibmlib.testAppJump;
				PRODUCT_NAME = "$(TARGET_NAME)";
			};
			name = Debug;
		};
		2CE120A21C9A58CB001F5530 /* Release */ = {
			isa = XCBuildConfiguration;
			buildSettings = {
				ASSETCATALOG_COMPILER_APPICON_NAME = AppIcon;
				INFOPLIST_FILE = testAppJump/Info.plist;
				LD_RUNPATH_SEARCH_PATHS = "$(inherited) @executable_path/Frameworks";
				PRODUCT_BUNDLE_IDENTIFIER = com.ibmlib.testAppJump;
				PRODUCT_NAME = "$(TARGET_NAME)";
			};
			name = Release;
		};
		2CE120A41C9A58CB001F5530 /* Debug */ = {
			isa = XCBuildConfiguration;
			buildSettings = {
				BUNDLE_LOADER = "$(TEST_HOST)";
				INFOPLIST_FILE = testAppJumpTests/Info.plist;
				LD_RUNPATH_SEARCH_PATHS = "$(inherited) @executable_path/Frameworks @loader_path/Frameworks";
				PRODUCT_BUNDLE_IDENTIFIER = com.ibmlib.testAppJumpTests;
				PRODUCT_NAME = "$(TARGET_NAME)";
				TEST_HOST = "$(BUILT_PRODUCTS_DIR)/testAppJump.app/testAppJump";
			};
			name = Debug;
		};
		2CE120A51C9A58CB001F5530 /* Release */ = {
			isa = XCBuildConfiguration;
			buildSettings = {
				BUNDLE_LOADER = "$(TEST_HOST)";
				INFOPLIST_FILE = testAppJumpTests/Info.plist;
				LD_RUNPATH_SEARCH_PATHS = "$(inherited) @executable_path/Frameworks @loader_path/Frameworks";
				PRODUCT_BUNDLE_IDENTIFIER = com.ibmlib.testAppJumpTests;
				PRODUCT_NAME = "$(TARGET_NAME)";
				TEST_HOST = "$(BUILT_PRODUCTS_DIR)/testAppJump.app/testAppJump";
			};
			name = Release;
		};
		2CE120A71C9A58CB001F5530 /* Debug */ = {
			isa = XCBuildConfiguration;
			buildSettings = {
				INFOPLIST_FILE = testAppJumpUITests/Info.plist;
				LD_RUNPATH_SEARCH_PATHS = "$(inherited) @executable_path/Frameworks @loader_path/Frameworks";
				PRODUCT_BUNDLE_IDENTIFIER = com.ibmlib.testAppJumpUITests;
				PRODUCT_NAME = "$(TARGET_NAME)";
				TEST_TARGET_NAME = testAppJump;
				USES_XCTRUNNER = YES;
			};
			name = Debug;
		};
		2CE120A81C9A58CB001F5530 /* Release */ = {
			isa = XCBuildConfiguration;
			buildSettings = {
				INFOPLIST_FILE = testAppJumpUITests/Info.plist;
				LD_RUNPATH_SEARCH_PATHS = "$(inherited) @executable_path/Frameworks @loader_path/Frameworks";
				PRODUCT_BUNDLE_IDENTIFIER = com.ibmlib.testAppJumpUITests;
				PRODUCT_NAME = "$(TARGET_NAME)";
				TEST_TARGET_NAME = testAppJump;
				USES_XCTRUNNER = YES;
			};
			name = Release;
		};
/* End XCBuildConfiguration section */

/* Begin XCConfigurationList section */
		2CE1206E1C9A58CB001F5530 /* Build configuration list for PBXProject "testAppJump" */ = {
			isa = XCConfigurationList;
			buildConfigurations = (
				2CE1209E1C9A58CB001F5530 /* Debug */,
				2CE1209F1C9A58CB001F5530 /* Release */,
			);
			defaultConfigurationIsVisible = 0;
			defaultConfigurationName = Release;
		};
		2CE120A01C9A58CB001F5530 /* Build configuration list for PBXNativeTarget "testAppJump" */ = {
			isa = XCConfigurationList;
			buildConfigurations = (
				2CE120A11C9A58CB001F5530 /* Debug */,
				2CE120A21C9A58CB001F5530 /* Release */,
			);
			defaultConfigurationIsVisible = 0;
		};
		2CE120A31C9A58CB001F5530 /* Build configuration list for PBXNativeTarget "testAppJumpTests" */ = {
			isa = XCConfigurationList;
			buildConfigurations = (
				2CE120A41C9A58CB001F5530 /* Debug */,
				2CE120A51C9A58CB001F5530 /* Release */,
			);
			defaultConfigurationIsVisible = 0;
		};
		2CE120A61C9A58CB001F5530 /* Build configuration list for PBXNativeTarget "testAppJumpUITests" */ = {
			isa = XCConfigurationList;
			buildConfigurations = (
				2CE120A71C9A58CB001F5530 /* Debug */,
				2CE120A81C9A58CB001F5530 /* Release */,
			);
			defaultConfigurationIsVisible = 0;
		};
/* End XCConfigurationList section */
	};
	rootObject = 2CE1206B1C9A58CB001F5530 /* Project object */;
}
